
Microsoft Visual Studio Solution File, Format Version 12.00
# Visual Studio 15
Project("{FAE04EC0-301F-11D3-BF4B-00C04F79EFBC}") = "net-client", "net-client\net-client.csproj", "{47D68015-4EA1-43B4-B39B-BA08C105D988}"
EndProject
Global
	GlobalSection(SolutionConfigurationPlatforms) = preSolution
		Debug|Any CPU = Debug|Any CPU
		Release|Any CPU = Release|Any CPU
	EndGlobalSection
	GlobalSection(ProjectConfigurationPlatforms) = postSolution
		{47D68015-4EA1-43B4-B39B-BA08C105D988}.Debug|Any CPU.ActiveCfg = Debug|Any CPU
		{47D68015-4EA1-43B4-B39B-BA08C105D988}.Debug|Any CPU.Build.0 = Debug|Any CPU
		{47D68015-4EA1-43B4-B39B-BA08C105D988}.Release|Any CPU.ActiveCfg = Release|Any CPU
		{47D68015-4EA1-43B4-B39B-BA08C105D988}.Release|Any CPU.Build.0 = Release|Any CPU
	EndGlobalSection
EndGlobal
